
Microsoft Visual Studio Solution File, Format Version 12.00
# Visual Studio Version 17
VisualStudioVersion = 17.3.32922.545
MinimumVisualStudioVersion = 10.0.40219.1
Project("{FAE04EC0-301F-11D3-BF4B-00C04F79EFBC}") = "FilmsAPI", "FilmsAPI\FilmsAPI.csproj", "{C05B6E7D-61F0-4C34-9510-D495D141AB11}"
EndProject
Global
	GlobalSection(SolutionConfigurationPlatforms) = preSolution
		Debug|Any CPU = Debug|Any CPU
		Release|Any CPU = Release|Any CPU
	EndGlobalSection
	GlobalSection(ProjectConfigurationPlatforms) = postSolution
		{C05B6E7D-61F0-4C34-9510-D495D141AB11}.Debug|Any CPU.ActiveCfg = Debug|Any CPU
		{C05B6E7D-61F0-4C34-9510-D495D141AB11}.Debug|Any CPU.Build.0 = Debug|Any CPU
		{C05B6E7D-61F0-4C34-9510-D495D141AB11}.Release|Any CPU.ActiveCfg = Release|Any CPU
		{C05B6E7D-61F0-4C34-9510-D495D141AB11}.Release|Any CPU.Build.0 = Release|Any CPU
	EndGlobalSection
	GlobalSection(SolutionProperties) = preSolution
		HideSolutionNode = FALSE
	EndGlobalSection
	GlobalSection(ExtensibilityGlobals) = postSolution
		SolutionGuid = {DA0142F2-8295-4200-AA75-E9B2B4DED779}
	EndGlobalSection
EndGlobal
